
Microsoft Visual Studio Solution File, Format Version 12.00
# Visual Studio 15
VisualStudioVersion = 15.0.28307.168
MinimumVisualStudioVersion = 10.0.40219.1
Project("{FAE04EC0-301F-11D3-BF4B-00C04F79EFBC}") = "CryptoGeeks.Portunus.Comm", "..\CryptoGeeks.Portunus.Comm\CryptoGeeks.Portunus.Comm.csproj", "{45686542-EB1A-42FF-8665-B8E875F7C107}"
EndProject
Project("{FAE04EC0-301F-11D3-BF4B-00C04F79EFBC}") = "CryptoGeeks.Portunus.PassivePeer", "CryptoGeeks.Portunus.PassivePeer\CryptoGeeks.Portunus.PassivePeer.csproj", "{B71F3F37-36CD-45F4-B88B-DBA5CD519DA2}"
EndProject
Global
	GlobalSection(SolutionConfigurationPlatforms) = preSolution
		Debug|Any CPU = Debug|Any CPU
		Release|Any CPU = Release|Any CPU
	EndGlobalSection
	GlobalSection(ProjectConfigurationPlatforms) = postSolution
		{45686542-EB1A-42FF-8665-B8E875F7C107}.Debug|Any CPU.ActiveCfg = Debug|Any CPU
		{45686542-EB1A-42FF-8665-B8E875F7C107}.Debug|Any CPU.Build.0 = Debug|Any CPU
		{45686542-EB1A-42FF-8665-B8E875F7C107}.Release|Any CPU.ActiveCfg = Release|Any CPU
		{45686542-EB1A-42FF-8665-B8E875F7C107}.Release|Any CPU.Build.0 = Release|Any CPU
		{B71F3F37-36CD-45F4-B88B-DBA5CD519DA2}.Debug|Any CPU.ActiveCfg = Debug|Any CPU
		{B71F3F37-36CD-45F4-B88B-DBA5CD519DA2}.Debug|Any CPU.Build.0 = Debug|Any CPU
		{B71F3F37-36CD-45F4-B88B-DBA5CD519DA2}.Release|Any CPU.ActiveCfg = Release|Any CPU
		{B71F3F37-36CD-45F4-B88B-DBA5CD519DA2}.Release|Any CPU.Build.0 = Release|Any CPU
	EndGlobalSection
	GlobalSection(SolutionProperties) = preSolution
		HideSolutionNode = FALSE
	EndGlobalSection
	GlobalSection(ExtensibilityGlobals) = postSolution
		SolutionGuid = {4AA8B560-AE83-4A6D-B5C8-C10FA7A82720}
	EndGlobalSection
EndGlobal
