
Microsoft Visual Studio Solution File, Format Version 12.00
# Visual Studio 15
VisualStudioVersion = 15.0.28307.168
MinimumVisualStudioVersion = 10.0.40219.1
Project("{FAE04EC0-301F-11D3-BF4B-00C04F79EFBC}") = "CryptoGeeks.Portunus.Android", "CryptoGeeks.Portunus\CryptoGeeks.Portunus.Android\CryptoGeeks.Portunus.Android.csproj", "{775757B0-7D12-4103-9D8A-95A31CA01A37}"
EndProject
Project("{FAE04EC0-301F-11D3-BF4B-00C04F79EFBC}") = "CryptoGeeks.Portunus.iOS", "CryptoGeeks.Portunus\CryptoGeeks.Portunus.iOS\CryptoGeeks.Portunus.iOS.csproj", "{C2C81DA1-23DB-4ABA-B838-2A1D16E1CE08}"
EndProject
Project("{FAE04EC0-301F-11D3-BF4B-00C04F79EFBC}") = "CryptoGeeks.Portunus.UWP", "CryptoGeeks.Portunus\CryptoGeeks.Portunus.UWP\CryptoGeeks.Portunus.UWP.csproj", "{B857B096-2843-4C42-A921-6AB817DFE9AF}"
EndProject
Project("{9A19103F-16F7-4668-BE54-9A1E7A4F7556}") = "CryptoGeeks.Portunus", "CryptoGeeks.Portunus\CryptoGeeks.Portunus\CryptoGeeks.Portunus.csproj", "{953F7A47-7DEC-4C97-B82A-CF84BEC56B00}"
EndProject
Project("{FAE04EC0-301F-11D3-BF4B-00C04F79EFBC}") = "CryptoGeeks.API", "CryptoGeeks.API\CryptoGeeks.API.csproj", "{713C183C-14F8-4456-B379-4582E5FAE458}"
EndProject
Project("{FAE04EC0-301F-11D3-BF4B-00C04F79EFBC}") = "SecretSplitter", "CryptoGeeks.SecretSplitter\SecretSplitter.csproj", "{4D00E332-909A-40C2-ACE4-2A5652E177AB}"
EndProject
Project("{FAE04EC0-301F-11D3-BF4B-00C04F79EFBC}") = "CryptoGeeks.Portunus.Comm", "CryptoGeeks.Portunus.Comm\CryptoGeeks.Portunus.Comm.csproj", "{45686542-EB1A-42FF-8665-B8E875F7C107}"
EndProject
Project("{FAE04EC0-301F-11D3-BF4B-00C04F79EFBC}") = "CryptoGeeks.Portunus.PassivePeer", "CryptoGeeks.Portunus.PassivePeer\CryptoGeeks.Portunus.PassivePeer\CryptoGeeks.Portunus.PassivePeer.csproj", "{B71F3F37-36CD-45F4-B88B-DBA5CD519DA2}"
EndProject
Project("{FAE04EC0-301F-11D3-BF4B-00C04F79EFBC}") = "CryptoGeeks.Portunus.Server", "CryptoGeeks.Portunus.Server\CryptoGeeks.Portunus.Server\CryptoGeeks.Portunus.Server.csproj", "{D4B75A9E-F487-4130-867C-7493130F649B}"
EndProject
Project("{FAE04EC0-301F-11D3-BF4B-00C04F79EFBC}") = "Shared", "P2Pchat-master\Shared\Shared.csproj", "{399E2711-902A-41FE-8883-6DAFFCE50E01}"
EndProject
Project("{FAE04EC0-301F-11D3-BF4B-00C04F79EFBC}") = "Interceptor", "..\..\Users\Loui\Documents\Visual Studio 2017\Projects\Portinus.Test\Server_\Interceptor\Interceptor.csproj", "{C8D56848-E5D5-48DE-950B-331BE5424BFC}"
EndProject
Global
	GlobalSection(SolutionConfigurationPlatforms) = preSolution
		Ad-Hoc|Any CPU = Ad-Hoc|Any CPU
		Ad-Hoc|ARM = Ad-Hoc|ARM
		Ad-Hoc|iPhone = Ad-Hoc|iPhone
		Ad-Hoc|iPhoneSimulator = Ad-Hoc|iPhoneSimulator
		Ad-Hoc|x64 = Ad-Hoc|x64
		Ad-Hoc|x86 = Ad-Hoc|x86
		AppStore|Any CPU = AppStore|Any CPU
		AppStore|ARM = AppStore|ARM
		AppStore|iPhone = AppStore|iPhone
		AppStore|iPhoneSimulator = AppStore|iPhoneSimulator
		AppStore|x64 = AppStore|x64
		AppStore|x86 = AppStore|x86
		Debug|Any CPU = Debug|Any CPU
		Debug|ARM = Debug|ARM
		Debug|iPhone = Debug|iPhone
		Debug|iPhoneSimulator = Debug|iPhoneSimulator
		Debug|x64 = Debug|x64
		Debug|x86 = Debug|x86
		Release|Any CPU = Release|Any CPU
		Release|ARM = Release|ARM
		Release|iPhone = Release|iPhone
		Release|iPhoneSimulator = Release|iPhoneSimulator
		Release|x64 = Release|x64
		Release|x86 = Release|x86
	EndGlobalSection
	GlobalSection(ProjectConfigurationPlatforms) = postSolution
		{775757B0-7D12-4103-9D8A-95A31CA01A37}.Ad-Hoc|Any CPU.ActiveCfg = Release|Any CPU
		{775757B0-7D12-4103-9D8A-95A31CA01A37}.Ad-Hoc|Any CPU.Build.0 = Release|Any CPU
		{775757B0-7D12-4103-9D8A-95A31CA01A37}.Ad-Hoc|Any CPU.Deploy.0 = Release|Any CPU
		{775757B0-7D12-4103-9D8A-95A31CA01A37}.Ad-Hoc|ARM.ActiveCfg = Release|Any CPU
		{775757B0-7D12-4103-9D8A-95A31CA01A37}.Ad-Hoc|ARM.Build.0 = Release|Any CPU
		{775757B0-7D12-4103-9D8A-95A31CA01A37}.Ad-Hoc|ARM.Deploy.0 = Release|Any CPU
		{775757B0-7D12-4103-9D8A-95A31CA01A37}.Ad-Hoc|iPhone.ActiveCfg = Release|Any CPU
		{775757B0-7D12-4103-9D8A-95A31CA01A37}.Ad-Hoc|iPhone.Build.0 = Release|Any CPU
		{775757B0-7D12-4103-9D8A-95A31CA01A37}.Ad-Hoc|iPhone.Deploy.0 = Release|Any CPU
		{775757B0-7D12-4103-9D8A-95A31CA01A37}.Ad-Hoc|iPhoneSimulator.ActiveCfg = Release|Any CPU
		{775757B0-7D12-4103-9D8A-95A31CA01A37}.Ad-Hoc|iPhoneSimulator.Build.0 = Release|Any CPU
		{775757B0-7D12-4103-9D8A-95A31CA01A37}.Ad-Hoc|iPhoneSimulator.Deploy.0 = Release|Any CPU
		{775757B0-7D12-4103-9D8A-95A31CA01A37}.Ad-Hoc|x64.ActiveCfg = Release|Any CPU
		{775757B0-7D12-4103-9D8A-95A31CA01A37}.Ad-Hoc|x64.Build.0 = Release|Any CPU
		{775757B0-7D12-4103-9D8A-95A31CA01A37}.Ad-Hoc|x64.Deploy.0 = Release|Any CPU
		{775757B0-7D12-4103-9D8A-95A31CA01A37}.Ad-Hoc|x86.ActiveCfg = Release|Any CPU
		{775757B0-7D12-4103-9D8A-95A31CA01A37}.Ad-Hoc|x86.Build.0 = Release|Any CPU
		{775757B0-7D12-4103-9D8A-95A31CA01A37}.Ad-Hoc|x86.Deploy.0 = Release|Any CPU
		{775757B0-7D12-4103-9D8A-95A31CA01A37}.AppStore|Any CPU.ActiveCfg = Release|Any CPU
		{775757B0-7D12-4103-9D8A-95A31CA01A37}.AppStore|Any CPU.Build.0 = Release|Any CPU
		{775757B0-7D12-4103-9D8A-95A31CA01A37}.AppStore|Any CPU.Deploy.0 = Release|Any CPU
		{775757B0-7D12-4103-9D8A-95A31CA01A37}.AppStore|ARM.ActiveCfg = Release|Any CPU
		{775757B0-7D12-4103-9D8A-95A31CA01A37}.AppStore|ARM.Build.0 = Release|Any CPU
		{775757B0-7D12-4103-9D8A-95A31CA01A37}.AppStore|ARM.Deploy.0 = Release|Any CPU
		{775757B0-7D12-4103-9D8A-95A31CA01A37}.AppStore|iPhone.ActiveCfg = Release|Any CPU
		{775757B0-7D12-4103-9D8A-95A31CA01A37}.AppStore|iPhone.Build.0 = Release|Any CPU
		{775757B0-7D12-4103-9D8A-95A31CA01A37}.AppStore|iPhone.Deploy.0 = Release|Any CPU
		{775757B0-7D12-4103-9D8A-95A31CA01A37}.AppStore|iPhoneSimulator.ActiveCfg = Release|Any CPU
		{775757B0-7D12-4103-9D8A-95A31CA01A37}.AppStore|iPhoneSimulator.Build.0 = Release|Any CPU
		{775757B0-7D12-4103-9D8A-95A31CA01A37}.AppStore|iPhoneSimulator.Deploy.0 = Release|Any CPU
		{775757B0-7D12-4103-9D8A-95A31CA01A37}.AppStore|x64.ActiveCfg = Release|Any CPU
		{775757B0-7D12-4103-9D8A-95A31CA01A37}.AppStore|x64.Build.0 = Release|Any CPU
		{775757B0-7D12-4103-9D8A-95A31CA01A37}.AppStore|x64.Deploy.0 = Release|Any CPU
		{775757B0-7D12-4103-9D8A-95A31CA01A37}.AppStore|x86.ActiveCfg = Release|Any CPU
		{775757B0-7D12-4103-9D8A-95A31CA01A37}.AppStore|x86.Build.0 = Release|Any CPU
		{775757B0-7D12-4103-9D8A-95A31CA01A37}.AppStore|x86.Deploy.0 = Release|Any CPU
		{775757B0-7D12-4103-9D8A-95A31CA01A37}.Debug|Any CPU.ActiveCfg = Debug|Any CPU
		{775757B0-7D12-4103-9D8A-95A31CA01A37}.Debug|Any CPU.Build.0 = Debug|Any CPU
		{775757B0-7D12-4103-9D8A-95A31CA01A37}.Debug|Any CPU.Deploy.0 = Debug|Any CPU
		{775757B0-7D12-4103-9D8A-95A31CA01A37}.Debug|ARM.ActiveCfg = Debug|Any CPU
		{775757B0-7D12-4103-9D8A-95A31CA01A37}.Debug|ARM.Build.0 = Debug|Any CPU
		{775757B0-7D12-4103-9D8A-95A31CA01A37}.Debug|ARM.Deploy.0 = Debug|Any CPU
		{775757B0-7D12-4103-9D8A-95A31CA01A37}.Debug|iPhone.ActiveCfg = Debug|Any CPU
		{775757B0-7D12-4103-9D8A-95A31CA01A37}.Debug|iPhone.Build.0 = Debug|Any CPU
		{775757B0-7D12-4103-9D8A-95A31CA01A37}.Debug|iPhone.Deploy.0 = Debug|Any CPU
		{775757B0-7D12-4103-9D8A-95A31CA01A37}.Debug|iPhoneSimulator.ActiveCfg = Debug|Any CPU
		{775757B0-7D12-4103-9D8A-95A31CA01A37}.Debug|iPhoneSimulator.Build.0 = Debug|Any CPU
		{775757B0-7D12-4103-9D8A-95A31CA01A37}.Debug|iPhoneSimulator.Deploy.0 = Debug|Any CPU
		{775757B0-7D12-4103-9D8A-95A31CA01A37}.Debug|x64.ActiveCfg = Debug|Any CPU
		{775757B0-7D12-4103-9D8A-95A31CA01A37}.Debug|x64.Build.0 = Debug|Any CPU
		{775757B0-7D12-4103-9D8A-95A31CA01A37}.Debug|x64.Deploy.0 = Debug|Any CPU
		{775757B0-7D12-4103-9D8A-95A31CA01A37}.Debug|x86.ActiveCfg = Debug|Any CPU
		{775757B0-7D12-4103-9D8A-95A31CA01A37}.Debug|x86.Build.0 = Debug|Any CPU
		{775757B0-7D12-4103-9D8A-95A31CA01A37}.Debug|x86.Deploy.0 = Debug|Any CPU
		{775757B0-7D12-4103-9D8A-95A31CA01A37}.Release|Any CPU.ActiveCfg = Release|Any CPU
		{775757B0-7D12-4103-9D8A-95A31CA01A37}.Release|Any CPU.Build.0 = Release|Any CPU
		{775757B0-7D12-4103-9D8A-95A31CA01A37}.Release|Any CPU.Deploy.0 = Release|Any CPU
		{775757B0-7D12-4103-9D8A-95A31CA01A37}.Release|ARM.ActiveCfg = Release|Any CPU
		{775757B0-7D12-4103-9D8A-95A31CA01A37}.Release|ARM.Build.0 = Release|Any CPU
		{775757B0-7D12-4103-9D8A-95A31CA01A37}.Release|ARM.Deploy.0 = Release|Any CPU
		{775757B0-7D12-4103-9D8A-95A31CA01A37}.Release|iPhone.ActiveCfg = Release|Any CPU
		{775757B0-7D12-4103-9D8A-95A31CA01A37}.Release|iPhone.Build.0 = Release|Any CPU
		{775757B0-7D12-4103-9D8A-95A31CA01A37}.Release|iPhone.Deploy.0 = Release|Any CPU
		{775757B0-7D12-4103-9D8A-95A31CA01A37}.Release|iPhoneSimulator.ActiveCfg = Release|Any CPU
		{775757B0-7D12-4103-9D8A-95A31CA01A37}.Release|iPhoneSimulator.Build.0 = Release|Any CPU
		{775757B0-7D12-4103-9D8A-95A31CA01A37}.Release|iPhoneSimulator.Deploy.0 = Release|Any CPU
		{775757B0-7D12-4103-9D8A-95A31CA01A37}.Release|x64.ActiveCfg = Release|Any CPU
		{775757B0-7D12-4103-9D8A-95A31CA01A37}.Release|x64.Build.0 = Release|Any CPU
		{775757B0-7D12-4103-9D8A-95A31CA01A37}.Release|x64.Deploy.0 = Release|Any CPU
		{775757B0-7D12-4103-9D8A-95A31CA01A37}.Release|x86.ActiveCfg = Release|Any CPU
		{775757B0-7D12-4103-9D8A-95A31CA01A37}.Release|x86.Build.0 = Release|Any CPU
		{775757B0-7D12-4103-9D8A-95A31CA01A37}.Release|x86.Deploy.0 = Release|Any CPU
		{C2C81DA1-23DB-4ABA-B838-2A1D16E1CE08}.Ad-Hoc|Any CPU.ActiveCfg = Ad-Hoc|iPhone
		{C2C81DA1-23DB-4ABA-B838-2A1D16E1CE08}.Ad-Hoc|Any CPU.Build.0 = Ad-Hoc|iPhone
		{C2C81DA1-23DB-4ABA-B838-2A1D16E1CE08}.Ad-Hoc|Any CPU.Deploy.0 = Ad-Hoc|iPhone
		{C2C81DA1-23DB-4ABA-B838-2A1D16E1CE08}.Ad-Hoc|ARM.ActiveCfg = Ad-Hoc|iPhone
		{C2C81DA1-23DB-4ABA-B838-2A1D16E1CE08}.Ad-Hoc|ARM.Build.0 = Ad-Hoc|iPhone
		{C2C81DA1-23DB-4ABA-B838-2A1D16E1CE08}.Ad-Hoc|ARM.Deploy.0 = Ad-Hoc|iPhone
		{C2C81DA1-23DB-4ABA-B838-2A1D16E1CE08}.Ad-Hoc|iPhone.ActiveCfg = Ad-Hoc|iPhone
		{C2C81DA1-23DB-4ABA-B838-2A1D16E1CE08}.Ad-Hoc|iPhone.Build.0 = Ad-Hoc|iPhone
		{C2C81DA1-23DB-4ABA-B838-2A1D16E1CE08}.Ad-Hoc|iPhone.Deploy.0 = Ad-Hoc|iPhone
		{C2C81DA1-23DB-4ABA-B838-2A1D16E1CE08}.Ad-Hoc|iPhoneSimulator.ActiveCfg = Ad-Hoc|iPhoneSimulator
		{C2C81DA1-23DB-4ABA-B838-2A1D16E1CE08}.Ad-Hoc|iPhoneSimulator.Build.0 = Ad-Hoc|iPhoneSimulator
		{C2C81DA1-23DB-4ABA-B838-2A1D16E1CE08}.Ad-Hoc|iPhoneSimulator.Deploy.0 = Ad-Hoc|iPhoneSimulator
		{C2C81DA1-23DB-4ABA-B838-2A1D16E1CE08}.Ad-Hoc|x64.ActiveCfg = Ad-Hoc|iPhone
		{C2C81DA1-23DB-4ABA-B838-2A1D16E1CE08}.Ad-Hoc|x64.Build.0 = Ad-Hoc|iPhone
		{C2C81DA1-23DB-4ABA-B838-2A1D16E1CE08}.Ad-Hoc|x64.Deploy.0 = Ad-Hoc|iPhone
		{C2C81DA1-23DB-4ABA-B838-2A1D16E1CE08}.Ad-Hoc|x86.ActiveCfg = Ad-Hoc|iPhone
		{C2C81DA1-23DB-4ABA-B838-2A1D16E1CE08}.Ad-Hoc|x86.Build.0 = Ad-Hoc|iPhone
		{C2C81DA1-23DB-4ABA-B838-2A1D16E1CE08}.Ad-Hoc|x86.Deploy.0 = Ad-Hoc|iPhone
		{C2C81DA1-23DB-4ABA-B838-2A1D16E1CE08}.AppStore|Any CPU.ActiveCfg = AppStore|iPhone
		{C2C81DA1-23DB-4ABA-B838-2A1D16E1CE08}.AppStore|Any CPU.Build.0 = AppStore|iPhone
		{C2C81DA1-23DB-4ABA-B838-2A1D16E1CE08}.AppStore|Any CPU.Deploy.0 = AppStore|iPhone
		{C2C81DA1-23DB-4ABA-B838-2A1D16E1CE08}.AppStore|ARM.ActiveCfg = AppStore|iPhone
		{C2C81DA1-23DB-4ABA-B838-2A1D16E1CE08}.AppStore|ARM.Build.0 = AppStore|iPhone
		{C2C81DA1-23DB-4ABA-B838-2A1D16E1CE08}.AppStore|ARM.Deploy.0 = AppStore|iPhone
		{C2C81DA1-23DB-4ABA-B838-2A1D16E1CE08}.AppStore|iPhone.ActiveCfg = AppStore|iPhone
		{C2C81DA1-23DB-4ABA-B838-2A1D16E1CE08}.AppStore|iPhone.Build.0 = AppStore|iPhone
		{C2C81DA1-23DB-4ABA-B838-2A1D16E1CE08}.AppStore|iPhone.Deploy.0 = AppStore|iPhone
		{C2C81DA1-23DB-4ABA-B838-2A1D16E1CE08}.AppStore|iPhoneSimulator.ActiveCfg = AppStore|iPhoneSimulator
		{C2C81DA1-23DB-4ABA-B838-2A1D16E1CE08}.AppStore|iPhoneSimulator.Build.0 = AppStore|iPhoneSimulator
		{C2C81DA1-23DB-4ABA-B838-2A1D16E1CE08}.AppStore|iPhoneSimulator.Deploy.0 = AppStore|iPhoneSimulator
		{C2C81DA1-23DB-4ABA-B838-2A1D16E1CE08}.AppStore|x64.ActiveCfg = AppStore|iPhone
		{C2C81DA1-23DB-4ABA-B838-2A1D16E1CE08}.AppStore|x64.Build.0 = AppStore|iPhone
		{C2C81DA1-23DB-4ABA-B838-2A1D16E1CE08}.AppStore|x64.Deploy.0 = AppStore|iPhone
		{C2C81DA1-23DB-4ABA-B838-2A1D16E1CE08}.AppStore|x86.ActiveCfg = AppStore|iPhone
		{C2C81DA1-23DB-4ABA-B838-2A1D16E1CE08}.AppStore|x86.Build.0 = AppStore|iPhone
		{C2C81DA1-23DB-4ABA-B838-2A1D16E1CE08}.AppStore|x86.Deploy.0 = AppStore|iPhone
		{C2C81DA1-23DB-4ABA-B838-2A1D16E1CE08}.Debug|Any CPU.ActiveCfg = Debug|iPhoneSimulator
		{C2C81DA1-23DB-4ABA-B838-2A1D16E1CE08}.Debug|Any CPU.Build.0 = Debug|iPhoneSimulator
		{C2C81DA1-23DB-4ABA-B838-2A1D16E1CE08}.Debug|Any CPU.Deploy.0 = Debug|iPhoneSimulator
		{C2C81DA1-23DB-4ABA-B838-2A1D16E1CE08}.Debug|ARM.ActiveCfg = Debug|iPhone
		{C2C81DA1-23DB-4ABA-B838-2A1D16E1CE08}.Debug|ARM.Build.0 = Debug|iPhone
		{C2C81DA1-23DB-4ABA-B838-2A1D16E1CE08}.Debug|ARM.Deploy.0 = Debug|iPhone
		{C2C81DA1-23DB-4ABA-B838-2A1D16E1CE08}.Debug|iPhone.ActiveCfg = Debug|iPhone
		{C2C81DA1-23DB-4ABA-B838-2A1D16E1CE08}.Debug|iPhone.Build.0 = Debug|iPhone
		{C2C81DA1-23DB-4ABA-B838-2A1D16E1CE08}.Debug|iPhone.Deploy.0 = Debug|iPhone
		{C2C81DA1-23DB-4ABA-B838-2A1D16E1CE08}.Debug|iPhoneSimulator.ActiveCfg = Debug|iPhoneSimulator
		{C2C81DA1-23DB-4ABA-B838-2A1D16E1CE08}.Debug|iPhoneSimulator.Build.0 = Debug|iPhoneSimulator
		{C2C81DA1-23DB-4ABA-B838-2A1D16E1CE08}.Debug|iPhoneSimulator.Deploy.0 = Debug|iPhoneSimulator
		{C2C81DA1-23DB-4ABA-B838-2A1D16E1CE08}.Debug|x64.ActiveCfg = Debug|iPhone
		{C2C81DA1-23DB-4ABA-B838-2A1D16E1CE08}.Debug|x64.Build.0 = Debug|iPhone
		{C2C81DA1-23DB-4ABA-B838-2A1D16E1CE08}.Debug|x64.Deploy.0 = Debug|iPhone
		{C2C81DA1-23DB-4ABA-B838-2A1D16E1CE08}.Debug|x86.ActiveCfg = Debug|iPhone
		{C2C81DA1-23DB-4ABA-B838-2A1D16E1CE08}.Debug|x86.Build.0 = Debug|iPhone
		{C2C81DA1-23DB-4ABA-B838-2A1D16E1CE08}.Debug|x86.Deploy.0 = Debug|iPhone
		{C2C81DA1-23DB-4ABA-B838-2A1D16E1CE08}.Release|Any CPU.ActiveCfg = Release|iPhone
		{C2C81DA1-23DB-4ABA-B838-2A1D16E1CE08}.Release|Any CPU.Build.0 = Release|iPhone
		{C2C81DA1-23DB-4ABA-B838-2A1D16E1CE08}.Release|Any CPU.Deploy.0 = Release|iPhone
		{C2C81DA1-23DB-4ABA-B838-2A1D16E1CE08}.Release|ARM.ActiveCfg = Release|iPhone
		{C2C81DA1-23DB-4ABA-B838-2A1D16E1CE08}.Release|ARM.Build.0 = Release|iPhone
		{C2C81DA1-23DB-4ABA-B838-2A1D16E1CE08}.Release|ARM.Deploy.0 = Release|iPhone
		{C2C81DA1-23DB-4ABA-B838-2A1D16E1CE08}.Release|iPhone.ActiveCfg = Release|iPhone
		{C2C81DA1-23DB-4ABA-B838-2A1D16E1CE08}.Release|iPhone.Build.0 = Release|iPhone
		{C2C81DA1-23DB-4ABA-B838-2A1D16E1CE08}.Release|iPhone.Deploy.0 = Release|iPhone
		{C2C81DA1-23DB-4ABA-B838-2A1D16E1CE08}.Release|iPhoneSimulator.ActiveCfg = Release|iPhoneSimulator
		{C2C81DA1-23DB-4ABA-B838-2A1D16E1CE08}.Release|iPhoneSimulator.Build.0 = Release|iPhoneSimulator
		{C2C81DA1-23DB-4ABA-B838-2A1D16E1CE08}.Release|iPhoneSimulator.Deploy.0 = Release|iPhoneSimulator
		{C2C81DA1-23DB-4ABA-B838-2A1D16E1CE08}.Release|x64.ActiveCfg = Release|iPhone
		{C2C81DA1-23DB-4ABA-B838-2A1D16E1CE08}.Release|x64.Build.0 = Release|iPhone
		{C2C81DA1-23DB-4ABA-B838-2A1D16E1CE08}.Release|x64.Deploy.0 = Release|iPhone
		{C2C81DA1-23DB-4ABA-B838-2A1D16E1CE08}.Release|x86.ActiveCfg = Release|iPhone
		{C2C81DA1-23DB-4ABA-B838-2A1D16E1CE08}.Release|x86.Build.0 = Release|iPhone
		{C2C81DA1-23DB-4ABA-B838-2A1D16E1CE08}.Release|x86.Deploy.0 = Release|iPhone
		{B857B096-2843-4C42-A921-6AB817DFE9AF}.Ad-Hoc|Any CPU.ActiveCfg = Release|x86
		{B857B096-2843-4C42-A921-6AB817DFE9AF}.Ad-Hoc|Any CPU.Build.0 = Release|x86
		{B857B096-2843-4C42-A921-6AB817DFE9AF}.Ad-Hoc|Any CPU.Deploy.0 = Release|x86
		{B857B096-2843-4C42-A921-6AB817DFE9AF}.Ad-Hoc|ARM.ActiveCfg = Release|ARM
		{B857B096-2843-4C42-A921-6AB817DFE9AF}.Ad-Hoc|ARM.Build.0 = Release|ARM
		{B857B096-2843-4C42-A921-6AB817DFE9AF}.Ad-Hoc|ARM.Deploy.0 = Release|ARM
		{B857B096-2843-4C42-A921-6AB817DFE9AF}.Ad-Hoc|iPhone.ActiveCfg = Release|x86
		{B857B096-2843-4C42-A921-6AB817DFE9AF}.Ad-Hoc|iPhone.Build.0 = Release|x86
		{B857B096-2843-4C42-A921-6AB817DFE9AF}.Ad-Hoc|iPhone.Deploy.0 = Release|x86
		{B857B096-2843-4C42-A921-6AB817DFE9AF}.Ad-Hoc|iPhoneSimulator.ActiveCfg = Release|x86
		{B857B096-2843-4C42-A921-6AB817DFE9AF}.Ad-Hoc|iPhoneSimulator.Build.0 = Release|x86
		{B857B096-2843-4C42-A921-6AB817DFE9AF}.Ad-Hoc|iPhoneSimulator.Deploy.0 = Release|x86
		{B857B096-2843-4C42-A921-6AB817DFE9AF}.Ad-Hoc|x64.ActiveCfg = Release|x64
		{B857B096-2843-4C42-A921-6AB817DFE9AF}.Ad-Hoc|x64.Build.0 = Release|x64
		{B857B096-2843-4C42-A921-6AB817DFE9AF}.Ad-Hoc|x64.Deploy.0 = Release|x64
		{B857B096-2843-4C42-A921-6AB817DFE9AF}.Ad-Hoc|x86.ActiveCfg = Release|x86
		{B857B096-2843-4C42-A921-6AB817DFE9AF}.Ad-Hoc|x86.Build.0 = Release|x86
		{B857B096-2843-4C42-A921-6AB817DFE9AF}.Ad-Hoc|x86.Deploy.0 = Release|x86
		{B857B096-2843-4C42-A921-6AB817DFE9AF}.AppStore|Any CPU.ActiveCfg = Release|x86
		{B857B096-2843-4C42-A921-6AB817DFE9AF}.AppStore|Any CPU.Build.0 = Release|x86
		{B857B096-2843-4C42-A921-6AB817DFE9AF}.AppStore|Any CPU.Deploy.0 = Release|x86
		{B857B096-2843-4C42-A921-6AB817DFE9AF}.AppStore|ARM.ActiveCfg = Release|ARM
		{B857B096-2843-4C42-A921-6AB817DFE9AF}.AppStore|ARM.Build.0 = Release|ARM
		{B857B096-2843-4C42-A921-6AB817DFE9AF}.AppStore|ARM.Deploy.0 = Release|ARM
		{B857B096-2843-4C42-A921-6AB817DFE9AF}.AppStore|iPhone.ActiveCfg = Release|x86
		{B857B096-2843-4C42-A921-6AB817DFE9AF}.AppStore|iPhone.Build.0 = Release|x86
		{B857B096-2843-4C42-A921-6AB817DFE9AF}.AppStore|iPhone.Deploy.0 = Release|x86
		{B857B096-2843-4C42-A921-6AB817DFE9AF}.AppStore|iPhoneSimulator.ActiveCfg = Release|x86
		{B857B096-2843-4C42-A921-6AB817DFE9AF}.AppStore|iPhoneSimulator.Build.0 = Release|x86
		{B857B096-2843-4C42-A921-6AB817DFE9AF}.AppStore|iPhoneSimulator.Deploy.0 = Release|x86
		{B857B096-2843-4C42-A921-6AB817DFE9AF}.AppStore|x64.ActiveCfg = Release|x64
		{B857B096-2843-4C42-A921-6AB817DFE9AF}.AppStore|x64.Build.0 = Release|x64
		{B857B096-2843-4C42-A921-6AB817DFE9AF}.AppStore|x64.Deploy.0 = Release|x64
		{B857B096-2843-4C42-A921-6AB817DFE9AF}.AppStore|x86.ActiveCfg = Release|x86
		{B857B096-2843-4C42-A921-6AB817DFE9AF}.AppStore|x86.Build.0 = Release|x86
		{B857B096-2843-4C42-A921-6AB817DFE9AF}.AppStore|x86.Deploy.0 = Release|x86
		{B857B096-2843-4C42-A921-6AB817DFE9AF}.Debug|Any CPU.ActiveCfg = Debug|x86
		{B857B096-2843-4C42-A921-6AB817DFE9AF}.Debug|Any CPU.Build.0 = Debug|x86
		{B857B096-2843-4C42-A921-6AB817DFE9AF}.Debug|Any CPU.Deploy.0 = Debug|x86
		{B857B096-2843-4C42-A921-6AB817DFE9AF}.Debug|ARM.ActiveCfg = Debug|ARM
		{B857B096-2843-4C42-A921-6AB817DFE9AF}.Debug|ARM.Build.0 = Debug|ARM
		{B857B096-2843-4C42-A921-6AB817DFE9AF}.Debug|ARM.Deploy.0 = Debug|ARM
		{B857B096-2843-4C42-A921-6AB817DFE9AF}.Debug|iPhone.ActiveCfg = Debug|x86
		{B857B096-2843-4C42-A921-6AB817DFE9AF}.Debug|iPhone.Build.0 = Debug|x86
		{B857B096-2843-4C42-A921-6AB817DFE9AF}.Debug|iPhone.Deploy.0 = Debug|x86
		{B857B096-2843-4C42-A921-6AB817DFE9AF}.Debug|iPhoneSimulator.ActiveCfg = Debug|x86
		{B857B096-2843-4C42-A921-6AB817DFE9AF}.Debug|iPhoneSimulator.Build.0 = Debug|x86
		{B857B096-2843-4C42-A921-6AB817DFE9AF}.Debug|iPhoneSimulator.Deploy.0 = Debug|x86
		{B857B096-2843-4C42-A921-6AB817DFE9AF}.Debug|x64.ActiveCfg = Debug|x64
		{B857B096-2843-4C42-A921-6AB817DFE9AF}.Debug|x64.Build.0 = Debug|x64
		{B857B096-2843-4C42-A921-6AB817DFE9AF}.Debug|x64.Deploy.0 = Debug|x64
		{B857B096-2843-4C42-A921-6AB817DFE9AF}.Debug|x86.ActiveCfg = Debug|x86
		{B857B096-2843-4C42-A921-6AB817DFE9AF}.Debug|x86.Build.0 = Debug|x86
		{B857B096-2843-4C42-A921-6AB817DFE9AF}.Debug|x86.Deploy.0 = Debug|x86
		{B857B096-2843-4C42-A921-6AB817DFE9AF}.Release|Any CPU.ActiveCfg = Release|x86
		{B857B096-2843-4C42-A921-6AB817DFE9AF}.Release|Any CPU.Build.0 = Release|x86
		{B857B096-2843-4C42-A921-6AB817DFE9AF}.Release|Any CPU.Deploy.0 = Release|x86
		{B857B096-2843-4C42-A921-6AB817DFE9AF}.Release|ARM.ActiveCfg = Release|ARM
		{B857B096-2843-4C42-A921-6AB817DFE9AF}.Release|ARM.Build.0 = Release|ARM
		{B857B096-2843-4C42-A921-6AB817DFE9AF}.Release|ARM.Deploy.0 = Release|ARM
		{B857B096-2843-4C42-A921-6AB817DFE9AF}.Release|iPhone.ActiveCfg = Release|x86
		{B857B096-2843-4C42-A921-6AB817DFE9AF}.Release|iPhone.Build.0 = Release|x86
		{B857B096-2843-4C42-A921-6AB817DFE9AF}.Release|iPhone.Deploy.0 = Release|x86
		{B857B096-2843-4C42-A921-6AB817DFE9AF}.Release|iPhoneSimulator.ActiveCfg = Release|x86
		{B857B096-2843-4C42-A921-6AB817DFE9AF}.Release|iPhoneSimulator.Build.0 = Release|x86
		{B857B096-2843-4C42-A921-6AB817DFE9AF}.Release|iPhoneSimulator.Deploy.0 = Release|x86
		{B857B096-2843-4C42-A921-6AB817DFE9AF}.Release|x64.ActiveCfg = Release|x64
		{B857B096-2843-4C42-A921-6AB817DFE9AF}.Release|x64.Build.0 = Release|x64
		{B857B096-2843-4C42-A921-6AB817DFE9AF}.Release|x64.Deploy.0 = Release|x64
		{B857B096-2843-4C42-A921-6AB817DFE9AF}.Release|x86.ActiveCfg = Release|x86
		{B857B096-2843-4C42-A921-6AB817DFE9AF}.Release|x86.Build.0 = Release|x86
		{B857B096-2843-4C42-A921-6AB817DFE9AF}.Release|x86.Deploy.0 = Release|x86
		{953F7A47-7DEC-4C97-B82A-CF84BEC56B00}.Ad-Hoc|Any CPU.ActiveCfg = Debug|Any CPU
		{953F7A47-7DEC-4C97-B82A-CF84BEC56B00}.Ad-Hoc|Any CPU.Build.0 = Debug|Any CPU
		{953F7A47-7DEC-4C97-B82A-CF84BEC56B00}.Ad-Hoc|Any CPU.Deploy.0 = Debug|Any CPU
		{953F7A47-7DEC-4C97-B82A-CF84BEC56B00}.Ad-Hoc|ARM.ActiveCfg = Debug|Any CPU
		{953F7A47-7DEC-4C97-B82A-CF84BEC56B00}.Ad-Hoc|ARM.Build.0 = Debug|Any CPU
		{953F7A47-7DEC-4C97-B82A-CF84BEC56B00}.Ad-Hoc|ARM.Deploy.0 = Debug|Any CPU
		{953F7A47-7DEC-4C97-B82A-CF84BEC56B00}.Ad-Hoc|iPhone.ActiveCfg = Debug|Any CPU
		{953F7A47-7DEC-4C97-B82A-CF84BEC56B00}.Ad-Hoc|iPhone.Build.0 = Debug|Any CPU
		{953F7A47-7DEC-4C97-B82A-CF84BEC56B00}.Ad-Hoc|iPhone.Deploy.0 = Debug|Any CPU
		{953F7A47-7DEC-4C97-B82A-CF84BEC56B00}.Ad-Hoc|iPhoneSimulator.ActiveCfg = Debug|Any CPU
		{953F7A47-7DEC-4C97-B82A-CF84BEC56B00}.Ad-Hoc|iPhoneSimulator.Build.0 = Debug|Any CPU
		{953F7A47-7DEC-4C97-B82A-CF84BEC56B00}.Ad-Hoc|iPhoneSimulator.Deploy.0 = Debug|Any CPU
		{953F7A47-7DEC-4C97-B82A-CF84BEC56B00}.Ad-Hoc|x64.ActiveCfg = Debug|Any CPU
		{953F7A47-7DEC-4C97-B82A-CF84BEC56B00}.Ad-Hoc|x64.Build.0 = Debug|Any CPU
		{953F7A47-7DEC-4C97-B82A-CF84BEC56B00}.Ad-Hoc|x64.Deploy.0 = Debug|Any CPU
		{953F7A47-7DEC-4C97-B82A-CF84BEC56B00}.Ad-Hoc|x86.ActiveCfg = Debug|Any CPU
		{953F7A47-7DEC-4C97-B82A-CF84BEC56B00}.Ad-Hoc|x86.Build.0 = Debug|Any CPU
		{953F7A47-7DEC-4C97-B82A-CF84BEC56B00}.Ad-Hoc|x86.Deploy.0 = Debug|Any CPU
		{953F7A47-7DEC-4C97-B82A-CF84BEC56B00}.AppStore|Any CPU.ActiveCfg = Debug|Any CPU
		{953F7A47-7DEC-4C97-B82A-CF84BEC56B00}.AppStore|Any CPU.Build.0 = Debug|Any CPU
		{953F7A47-7DEC-4C97-B82A-CF84BEC56B00}.AppStore|Any CPU.Deploy.0 = Debug|Any CPU
		{953F7A47-7DEC-4C97-B82A-CF84BEC56B00}.AppStore|ARM.ActiveCfg = Debug|Any CPU
		{953F7A47-7DEC-4C97-B82A-CF84BEC56B00}.AppStore|ARM.Build.0 = Debug|Any CPU
		{953F7A47-7DEC-4C97-B82A-CF84BEC56B00}.AppStore|ARM.Deploy.0 = Debug|Any CPU
		{953F7A47-7DEC-4C97-B82A-CF84BEC56B00}.AppStore|iPhone.ActiveCfg = Debug|Any CPU
		{953F7A47-7DEC-4C97-B82A-CF84BEC56B00}.AppStore|iPhone.Build.0 = Debug|Any CPU
		{953F7A47-7DEC-4C97-B82A-CF84BEC56B00}.AppStore|iPhone.Deploy.0 = Debug|Any CPU
		{953F7A47-7DEC-4C97-B82A-CF84BEC56B00}.AppStore|iPhoneSimulator.ActiveCfg = Debug|Any CPU
		{953F7A47-7DEC-4C97-B82A-CF84BEC56B00}.AppStore|iPhoneSimulator.Build.0 = Debug|Any CPU
		{953F7A47-7DEC-4C97-B82A-CF84BEC56B00}.AppStore|iPhoneSimulator.Deploy.0 = Debug|Any CPU
		{953F7A47-7DEC-4C97-B82A-CF84BEC56B00}.AppStore|x64.ActiveCfg = Debug|Any CPU
		{953F7A47-7DEC-4C97-B82A-CF84BEC56B00}.AppStore|x64.Build.0 = Debug|Any CPU
		{953F7A47-7DEC-4C97-B82A-CF84BEC56B00}.AppStore|x64.Deploy.0 = Debug|Any CPU
		{953F7A47-7DEC-4C97-B82A-CF84BEC56B00}.AppStore|x86.ActiveCfg = Debug|Any CPU
		{953F7A47-7DEC-4C97-B82A-CF84BEC56B00}.AppStore|x86.Build.0 = Debug|Any CPU
		{953F7A47-7DEC-4C97-B82A-CF84BEC56B00}.AppStore|x86.Deploy.0 = Debug|Any CPU
		{953F7A47-7DEC-4C97-B82A-CF84BEC56B00}.Debug|Any CPU.ActiveCfg = Debug|Any CPU
		{953F7A47-7DEC-4C97-B82A-CF84BEC56B00}.Debug|Any CPU.Build.0 = Debug|Any CPU
		{953F7A47-7DEC-4C97-B82A-CF84BEC56B00}.Debug|Any CPU.Deploy.0 = Debug|Any CPU
		{953F7A47-7DEC-4C97-B82A-CF84BEC56B00}.Debug|ARM.ActiveCfg = Debug|Any CPU
		{953F7A47-7DEC-4C97-B82A-CF84BEC56B00}.Debug|ARM.Build.0 = Debug|Any CPU
		{953F7A47-7DEC-4C97-B82A-CF84BEC56B00}.Debug|ARM.Deploy.0 = Debug|Any CPU
		{953F7A47-7DEC-4C97-B82A-CF84BEC56B00}.Debug|iPhone.ActiveCfg = Debug|Any CPU
		{953F7A47-7DEC-4C97-B82A-CF84BEC56B00}.Debug|iPhone.Build.0 = Debug|Any CPU
		{953F7A47-7DEC-4C97-B82A-CF84BEC56B00}.Debug|iPhone.Deploy.0 = Debug|Any CPU
		{953F7A47-7DEC-4C97-B82A-CF84BEC56B00}.Debug|iPhoneSimulator.ActiveCfg = Debug|Any CPU
		{953F7A47-7DEC-4C97-B82A-CF84BEC56B00}.Debug|iPhoneSimulator.Build.0 = Debug|Any CPU
		{953F7A47-7DEC-4C97-B82A-CF84BEC56B00}.Debug|iPhoneSimulator.Deploy.0 = Debug|Any CPU
		{953F7A47-7DEC-4C97-B82A-CF84BEC56B00}.Debug|x64.ActiveCfg = Debug|Any CPU
		{953F7A47-7DEC-4C97-B82A-CF84BEC56B00}.Debug|x64.Build.0 = Debug|Any CPU
		{953F7A47-7DEC-4C97-B82A-CF84BEC56B00}.Debug|x64.Deploy.0 = Debug|Any CPU
		{953F7A47-7DEC-4C97-B82A-CF84BEC56B00}.Debug|x86.ActiveCfg = Debug|Any CPU
		{953F7A47-7DEC-4C97-B82A-CF84BEC56B00}.Debug|x86.Build.0 = Debug|Any CPU
		{953F7A47-7DEC-4C97-B82A-CF84BEC56B00}.Debug|x86.Deploy.0 = Debug|Any CPU
		{953F7A47-7DEC-4C97-B82A-CF84BEC56B00}.Release|Any CPU.ActiveCfg = Release|Any CPU
		{953F7A47-7DEC-4C97-B82A-CF84BEC56B00}.Release|Any CPU.Build.0 = Release|Any CPU
		{953F7A47-7DEC-4C97-B82A-CF84BEC56B00}.Release|Any CPU.Deploy.0 = Release|Any CPU
		{953F7A47-7DEC-4C97-B82A-CF84BEC56B00}.Release|ARM.ActiveCfg = Release|Any CPU
		{953F7A47-7DEC-4C97-B82A-CF84BEC56B00}.Release|ARM.Build.0 = Release|Any CPU
		{953F7A47-7DEC-4C97-B82A-CF84BEC56B00}.Release|ARM.Deploy.0 = Release|Any CPU
		{953F7A47-7DEC-4C97-B82A-CF84BEC56B00}.Release|iPhone.ActiveCfg = Release|Any CPU
		{953F7A47-7DEC-4C97-B82A-CF84BEC56B00}.Release|iPhone.Build.0 = Release|Any CPU
		{953F7A47-7DEC-4C97-B82A-CF84BEC56B00}.Release|iPhone.Deploy.0 = Release|Any CPU
		{953F7A47-7DEC-4C97-B82A-CF84BEC56B00}.Release|iPhoneSimulator.ActiveCfg = Release|Any CPU
		{953F7A47-7DEC-4C97-B82A-CF84BEC56B00}.Release|iPhoneSimulator.Build.0 = Release|Any CPU
		{953F7A47-7DEC-4C97-B82A-CF84BEC56B00}.Release|iPhoneSimulator.Deploy.0 = Release|Any CPU
		{953F7A47-7DEC-4C97-B82A-CF84BEC56B00}.Release|x64.ActiveCfg = Release|Any CPU
		{953F7A47-7DEC-4C97-B82A-CF84BEC56B00}.Release|x64.Build.0 = Release|Any CPU
		{953F7A47-7DEC-4C97-B82A-CF84BEC56B00}.Release|x64.Deploy.0 = Release|Any CPU
		{953F7A47-7DEC-4C97-B82A-CF84BEC56B00}.Release|x86.ActiveCfg = Release|Any CPU
		{953F7A47-7DEC-4C97-B82A-CF84BEC56B00}.Release|x86.Build.0 = Release|Any CPU
		{953F7A47-7DEC-4C97-B82A-CF84BEC56B00}.Release|x86.Deploy.0 = Release|Any CPU
		{713C183C-14F8-4456-B379-4582E5FAE458}.Ad-Hoc|Any CPU.ActiveCfg = Release|Any CPU
		{713C183C-14F8-4456-B379-4582E5FAE458}.Ad-Hoc|Any CPU.Build.0 = Release|Any CPU
		{713C183C-14F8-4456-B379-4582E5FAE458}.Ad-Hoc|ARM.ActiveCfg = Release|Any CPU
		{713C183C-14F8-4456-B379-4582E5FAE458}.Ad-Hoc|ARM.Build.0 = Release|Any CPU
		{713C183C-14F8-4456-B379-4582E5FAE458}.Ad-Hoc|iPhone.ActiveCfg = Release|Any CPU
		{713C183C-14F8-4456-B379-4582E5FAE458}.Ad-Hoc|iPhone.Build.0 = Release|Any CPU
		{713C183C-14F8-4456-B379-4582E5FAE458}.Ad-Hoc|iPhoneSimulator.ActiveCfg = Release|Any CPU
		{713C183C-14F8-4456-B379-4582E5FAE458}.Ad-Hoc|iPhoneSimulator.Build.0 = Release|Any CPU
		{713C183C-14F8-4456-B379-4582E5FAE458}.Ad-Hoc|x64.ActiveCfg = Release|Any CPU
		{713C183C-14F8-4456-B379-4582E5FAE458}.Ad-Hoc|x64.Build.0 = Release|Any CPU
		{713C183C-14F8-4456-B379-4582E5FAE458}.Ad-Hoc|x86.ActiveCfg = Release|Any CPU
		{713C183C-14F8-4456-B379-4582E5FAE458}.Ad-Hoc|x86.Build.0 = Release|Any CPU
		{713C183C-14F8-4456-B379-4582E5FAE458}.AppStore|Any CPU.ActiveCfg = Release|Any CPU
		{713C183C-14F8-4456-B379-4582E5FAE458}.AppStore|Any CPU.Build.0 = Release|Any CPU
		{713C183C-14F8-4456-B379-4582E5FAE458}.AppStore|ARM.ActiveCfg = Release|Any CPU
		{713C183C-14F8-4456-B379-4582E5FAE458}.AppStore|ARM.Build.0 = Release|Any CPU
		{713C183C-14F8-4456-B379-4582E5FAE458}.AppStore|iPhone.ActiveCfg = Release|Any CPU
		{713C183C-14F8-4456-B379-4582E5FAE458}.AppStore|iPhone.Build.0 = Release|Any CPU
		{713C183C-14F8-4456-B379-4582E5FAE458}.AppStore|iPhoneSimulator.ActiveCfg = Release|Any CPU
		{713C183C-14F8-4456-B379-4582E5FAE458}.AppStore|iPhoneSimulator.Build.0 = Release|Any CPU
		{713C183C-14F8-4456-B379-4582E5FAE458}.AppStore|x64.ActiveCfg = Release|Any CPU
		{713C183C-14F8-4456-B379-4582E5FAE458}.AppStore|x64.Build.0 = Release|Any CPU
		{713C183C-14F8-4456-B379-4582E5FAE458}.AppStore|x86.ActiveCfg = Release|Any CPU
		{713C183C-14F8-4456-B379-4582E5FAE458}.AppStore|x86.Build.0 = Release|Any CPU
		{713C183C-14F8-4456-B379-4582E5FAE458}.Debug|Any CPU.ActiveCfg = Debug|Any CPU
		{713C183C-14F8-4456-B379-4582E5FAE458}.Debug|Any CPU.Build.0 = Debug|Any CPU
		{713C183C-14F8-4456-B379-4582E5FAE458}.Debug|ARM.ActiveCfg = Debug|Any CPU
		{713C183C-14F8-4456-B379-4582E5FAE458}.Debug|ARM.Build.0 = Debug|Any CPU
		{713C183C-14F8-4456-B379-4582E5FAE458}.Debug|iPhone.ActiveCfg = Debug|Any CPU
		{713C183C-14F8-4456-B379-4582E5FAE458}.Debug|iPhone.Build.0 = Debug|Any CPU
		{713C183C-14F8-4456-B379-4582E5FAE458}.Debug|iPhoneSimulator.ActiveCfg = Debug|Any CPU
		{713C183C-14F8-4456-B379-4582E5FAE458}.Debug|iPhoneSimulator.Build.0 = Debug|Any CPU
		{713C183C-14F8-4456-B379-4582E5FAE458}.Debug|x64.ActiveCfg = Debug|Any CPU
		{713C183C-14F8-4456-B379-4582E5FAE458}.Debug|x64.Build.0 = Debug|Any CPU
		{713C183C-14F8-4456-B379-4582E5FAE458}.Debug|x86.ActiveCfg = Debug|Any CPU
		{713C183C-14F8-4456-B379-4582E5FAE458}.Debug|x86.Build.0 = Debug|Any CPU
		{713C183C-14F8-4456-B379-4582E5FAE458}.Release|Any CPU.ActiveCfg = Release|Any CPU
		{713C183C-14F8-4456-B379-4582E5FAE458}.Release|Any CPU.Build.0 = Release|Any CPU
		{713C183C-14F8-4456-B379-4582E5FAE458}.Release|ARM.ActiveCfg = Release|Any CPU
		{713C183C-14F8-4456-B379-4582E5FAE458}.Release|ARM.Build.0 = Release|Any CPU
		{713C183C-14F8-4456-B379-4582E5FAE458}.Release|iPhone.ActiveCfg = Release|Any CPU
		{713C183C-14F8-4456-B379-4582E5FAE458}.Release|iPhone.Build.0 = Release|Any CPU
		{713C183C-14F8-4456-B379-4582E5FAE458}.Release|iPhoneSimulator.ActiveCfg = Release|Any CPU
		{713C183C-14F8-4456-B379-4582E5FAE458}.Release|iPhoneSimulator.Build.0 = Release|Any CPU
		{713C183C-14F8-4456-B379-4582E5FAE458}.Release|x64.ActiveCfg = Release|Any CPU
		{713C183C-14F8-4456-B379-4582E5FAE458}.Release|x64.Build.0 = Release|Any CPU
		{713C183C-14F8-4456-B379-4582E5FAE458}.Release|x86.ActiveCfg = Release|Any CPU
		{713C183C-14F8-4456-B379-4582E5FAE458}.Release|x86.Build.0 = Release|Any CPU
		{4D00E332-909A-40C2-ACE4-2A5652E177AB}.Ad-Hoc|Any CPU.ActiveCfg = Release|Any CPU
		{4D00E332-909A-40C2-ACE4-2A5652E177AB}.Ad-Hoc|Any CPU.Build.0 = Release|Any CPU
		{4D00E332-909A-40C2-ACE4-2A5652E177AB}.Ad-Hoc|ARM.ActiveCfg = Release|Any CPU
		{4D00E332-909A-40C2-ACE4-2A5652E177AB}.Ad-Hoc|ARM.Build.0 = Release|Any CPU
		{4D00E332-909A-40C2-ACE4-2A5652E177AB}.Ad-Hoc|iPhone.ActiveCfg = Release|Any CPU
		{4D00E332-909A-40C2-ACE4-2A5652E177AB}.Ad-Hoc|iPhone.Build.0 = Release|Any CPU
		{4D00E332-909A-40C2-ACE4-2A5652E177AB}.Ad-Hoc|iPhoneSimulator.ActiveCfg = Release|Any CPU
		{4D00E332-909A-40C2-ACE4-2A5652E177AB}.Ad-Hoc|iPhoneSimulator.Build.0 = Release|Any CPU
		{4D00E332-909A-40C2-ACE4-2A5652E177AB}.Ad-Hoc|x64.ActiveCfg = Release|Any CPU
		{4D00E332-909A-40C2-ACE4-2A5652E177AB}.Ad-Hoc|x64.Build.0 = Release|Any CPU
		{4D00E332-909A-40C2-ACE4-2A5652E177AB}.Ad-Hoc|x86.ActiveCfg = Release|Any CPU
		{4D00E332-909A-40C2-ACE4-2A5652E177AB}.Ad-Hoc|x86.Build.0 = Release|Any CPU
		{4D00E332-909A-40C2-ACE4-2A5652E177AB}.AppStore|Any CPU.ActiveCfg = Release|Any CPU
		{4D00E332-909A-40C2-ACE4-2A5652E177AB}.AppStore|Any CPU.Build.0 = Release|Any CPU
		{4D00E332-909A-40C2-ACE4-2A5652E177AB}.AppStore|ARM.ActiveCfg = Release|Any CPU
		{4D00E332-909A-40C2-ACE4-2A5652E177AB}.AppStore|ARM.Build.0 = Release|Any CPU
		{4D00E332-909A-40C2-ACE4-2A5652E177AB}.AppStore|iPhone.ActiveCfg = Release|Any CPU
		{4D00E332-909A-40C2-ACE4-2A5652E177AB}.AppStore|iPhone.Build.0 = Release|Any CPU
		{4D00E332-909A-40C2-ACE4-2A5652E177AB}.AppStore|iPhoneSimulator.ActiveCfg = Release|Any CPU
		{4D00E332-909A-40C2-ACE4-2A5652E177AB}.AppStore|iPhoneSimulator.Build.0 = Release|Any CPU
		{4D00E332-909A-40C2-ACE4-2A5652E177AB}.AppStore|x64.ActiveCfg = Release|Any CPU
		{4D00E332-909A-40C2-ACE4-2A5652E177AB}.AppStore|x64.Build.0 = Release|Any CPU
		{4D00E332-909A-40C2-ACE4-2A5652E177AB}.AppStore|x86.ActiveCfg = Release|Any CPU
		{4D00E332-909A-40C2-ACE4-2A5652E177AB}.AppStore|x86.Build.0 = Release|Any CPU
		{4D00E332-909A-40C2-ACE4-2A5652E177AB}.Debug|Any CPU.ActiveCfg = Debug|Any CPU
		{4D00E332-909A-40C2-ACE4-2A5652E177AB}.Debug|Any CPU.Build.0 = Debug|Any CPU
		{4D00E332-909A-40C2-ACE4-2A5652E177AB}.Debug|ARM.ActiveCfg = Debug|Any CPU
		{4D00E332-909A-40C2-ACE4-2A5652E177AB}.Debug|ARM.Build.0 = Debug|Any CPU
		{4D00E332-909A-40C2-ACE4-2A5652E177AB}.Debug|iPhone.ActiveCfg = Debug|Any CPU
		{4D00E332-909A-40C2-ACE4-2A5652E177AB}.Debug|iPhone.Build.0 = Debug|Any CPU
		{4D00E332-909A-40C2-ACE4-2A5652E177AB}.Debug|iPhoneSimulator.ActiveCfg = Debug|Any CPU
		{4D00E332-909A-40C2-ACE4-2A5652E177AB}.Debug|iPhoneSimulator.Build.0 = Debug|Any CPU
		{4D00E332-909A-40C2-ACE4-2A5652E177AB}.Debug|x64.ActiveCfg = Debug|Any CPU
		{4D00E332-909A-40C2-ACE4-2A5652E177AB}.Debug|x64.Build.0 = Debug|Any CPU
		{4D00E332-909A-40C2-ACE4-2A5652E177AB}.Debug|x86.ActiveCfg = Debug|Any CPU
		{4D00E332-909A-40C2-ACE4-2A5652E177AB}.Debug|x86.Build.0 = Debug|Any CPU
		{4D00E332-909A-40C2-ACE4-2A5652E177AB}.Release|Any CPU.ActiveCfg = Release|Any CPU
		{4D00E332-909A-40C2-ACE4-2A5652E177AB}.Release|Any CPU.Build.0 = Release|Any CPU
		{4D00E332-909A-40C2-ACE4-2A5652E177AB}.Release|ARM.ActiveCfg = Release|Any CPU
		{4D00E332-909A-40C2-ACE4-2A5652E177AB}.Release|ARM.Build.0 = Release|Any CPU
		{4D00E332-909A-40C2-ACE4-2A5652E177AB}.Release|iPhone.ActiveCfg = Release|Any CPU
		{4D00E332-909A-40C2-ACE4-2A5652E177AB}.Release|iPhone.Build.0 = Release|Any CPU
		{4D00E332-909A-40C2-ACE4-2A5652E177AB}.Release|iPhoneSimulator.ActiveCfg = Release|Any CPU
		{4D00E332-909A-40C2-ACE4-2A5652E177AB}.Release|iPhoneSimulator.Build.0 = Release|Any CPU
		{4D00E332-909A-40C2-ACE4-2A5652E177AB}.Release|x64.ActiveCfg = Release|Any CPU
		{4D00E332-909A-40C2-ACE4-2A5652E177AB}.Release|x64.Build.0 = Release|Any CPU
		{4D00E332-909A-40C2-ACE4-2A5652E177AB}.Release|x86.ActiveCfg = Release|Any CPU
		{4D00E332-909A-40C2-ACE4-2A5652E177AB}.Release|x86.Build.0 = Release|Any CPU
		{45686542-EB1A-42FF-8665-B8E875F7C107}.Ad-Hoc|Any CPU.ActiveCfg = Release|Any CPU
		{45686542-EB1A-42FF-8665-B8E875F7C107}.Ad-Hoc|Any CPU.Build.0 = Release|Any CPU
		{45686542-EB1A-42FF-8665-B8E875F7C107}.Ad-Hoc|ARM.ActiveCfg = Release|Any CPU
		{45686542-EB1A-42FF-8665-B8E875F7C107}.Ad-Hoc|ARM.Build.0 = Release|Any CPU
		{45686542-EB1A-42FF-8665-B8E875F7C107}.Ad-Hoc|iPhone.ActiveCfg = Release|Any CPU
		{45686542-EB1A-42FF-8665-B8E875F7C107}.Ad-Hoc|iPhone.Build.0 = Release|Any CPU
		{45686542-EB1A-42FF-8665-B8E875F7C107}.Ad-Hoc|iPhoneSimulator.ActiveCfg = Release|Any CPU
		{45686542-EB1A-42FF-8665-B8E875F7C107}.Ad-Hoc|iPhoneSimulator.Build.0 = Release|Any CPU
		{45686542-EB1A-42FF-8665-B8E875F7C107}.Ad-Hoc|x64.ActiveCfg = Release|Any CPU
		{45686542-EB1A-42FF-8665-B8E875F7C107}.Ad-Hoc|x64.Build.0 = Release|Any CPU
		{45686542-EB1A-42FF-8665-B8E875F7C107}.Ad-Hoc|x86.ActiveCfg = Release|Any CPU
		{45686542-EB1A-42FF-8665-B8E875F7C107}.Ad-Hoc|x86.Build.0 = Release|Any CPU
		{45686542-EB1A-42FF-8665-B8E875F7C107}.AppStore|Any CPU.ActiveCfg = Release|Any CPU
		{45686542-EB1A-42FF-8665-B8E875F7C107}.AppStore|Any CPU.Build.0 = Release|Any CPU
		{45686542-EB1A-42FF-8665-B8E875F7C107}.AppStore|ARM.ActiveCfg = Release|Any CPU
		{45686542-EB1A-42FF-8665-B8E875F7C107}.AppStore|ARM.Build.0 = Release|Any CPU
		{45686542-EB1A-42FF-8665-B8E875F7C107}.AppStore|iPhone.ActiveCfg = Release|Any CPU
		{45686542-EB1A-42FF-8665-B8E875F7C107}.AppStore|iPhone.Build.0 = Release|Any CPU
		{45686542-EB1A-42FF-8665-B8E875F7C107}.AppStore|iPhoneSimulator.ActiveCfg = Release|Any CPU
		{45686542-EB1A-42FF-8665-B8E875F7C107}.AppStore|iPhoneSimulator.Build.0 = Release|Any CPU
		{45686542-EB1A-42FF-8665-B8E875F7C107}.AppStore|x64.ActiveCfg = Release|Any CPU
		{45686542-EB1A-42FF-8665-B8E875F7C107}.AppStore|x64.Build.0 = Release|Any CPU
		{45686542-EB1A-42FF-8665-B8E875F7C107}.AppStore|x86.ActiveCfg = Release|Any CPU
		{45686542-EB1A-42FF-8665-B8E875F7C107}.AppStore|x86.Build.0 = Release|Any CPU
		{45686542-EB1A-42FF-8665-B8E875F7C107}.Debug|Any CPU.ActiveCfg = Debug|Any CPU
		{45686542-EB1A-42FF-8665-B8E875F7C107}.Debug|Any CPU.Build.0 = Debug|Any CPU
		{45686542-EB1A-42FF-8665-B8E875F7C107}.Debug|ARM.ActiveCfg = Debug|Any CPU
		{45686542-EB1A-42FF-8665-B8E875F7C107}.Debug|ARM.Build.0 = Debug|Any CPU
		{45686542-EB1A-42FF-8665-B8E875F7C107}.Debug|iPhone.ActiveCfg = Debug|Any CPU
		{45686542-EB1A-42FF-8665-B8E875F7C107}.Debug|iPhone.Build.0 = Debug|Any CPU
		{45686542-EB1A-42FF-8665-B8E875F7C107}.Debug|iPhoneSimulator.ActiveCfg = Debug|Any CPU
		{45686542-EB1A-42FF-8665-B8E875F7C107}.Debug|iPhoneSimulator.Build.0 = Debug|Any CPU
		{45686542-EB1A-42FF-8665-B8E875F7C107}.Debug|x64.ActiveCfg = Debug|Any CPU
		{45686542-EB1A-42FF-8665-B8E875F7C107}.Debug|x64.Build.0 = Debug|Any CPU
		{45686542-EB1A-42FF-8665-B8E875F7C107}.Debug|x86.ActiveCfg = Debug|Any CPU
		{45686542-EB1A-42FF-8665-B8E875F7C107}.Debug|x86.Build.0 = Debug|Any CPU
		{45686542-EB1A-42FF-8665-B8E875F7C107}.Release|Any CPU.ActiveCfg = Release|Any CPU
		{45686542-EB1A-42FF-8665-B8E875F7C107}.Release|Any CPU.Build.0 = Release|Any CPU
		{45686542-EB1A-42FF-8665-B8E875F7C107}.Release|ARM.ActiveCfg = Release|Any CPU
		{45686542-EB1A-42FF-8665-B8E875F7C107}.Release|ARM.Build.0 = Release|Any CPU
		{45686542-EB1A-42FF-8665-B8E875F7C107}.Release|iPhone.ActiveCfg = Release|Any CPU
		{45686542-EB1A-42FF-8665-B8E875F7C107}.Release|iPhone.Build.0 = Release|Any CPU
		{45686542-EB1A-42FF-8665-B8E875F7C107}.Release|iPhoneSimulator.ActiveCfg = Release|Any CPU
		{45686542-EB1A-42FF-8665-B8E875F7C107}.Release|iPhoneSimulator.Build.0 = Release|Any CPU
		{45686542-EB1A-42FF-8665-B8E875F7C107}.Release|x64.ActiveCfg = Release|Any CPU
		{45686542-EB1A-42FF-8665-B8E875F7C107}.Release|x64.Build.0 = Release|Any CPU
		{45686542-EB1A-42FF-8665-B8E875F7C107}.Release|x86.ActiveCfg = Release|Any CPU
		{45686542-EB1A-42FF-8665-B8E875F7C107}.Release|x86.Build.0 = Release|Any CPU
		{B71F3F37-36CD-45F4-B88B-DBA5CD519DA2}.Ad-Hoc|Any CPU.ActiveCfg = Release|Any CPU
		{B71F3F37-36CD-45F4-B88B-DBA5CD519DA2}.Ad-Hoc|Any CPU.Build.0 = Release|Any CPU
		{B71F3F37-36CD-45F4-B88B-DBA5CD519DA2}.Ad-Hoc|ARM.ActiveCfg = Release|Any CPU
		{B71F3F37-36CD-45F4-B88B-DBA5CD519DA2}.Ad-Hoc|ARM.Build.0 = Release|Any CPU
		{B71F3F37-36CD-45F4-B88B-DBA5CD519DA2}.Ad-Hoc|iPhone.ActiveCfg = Release|Any CPU
		{B71F3F37-36CD-45F4-B88B-DBA5CD519DA2}.Ad-Hoc|iPhone.Build.0 = Release|Any CPU
		{B71F3F37-36CD-45F4-B88B-DBA5CD519DA2}.Ad-Hoc|iPhoneSimulator.ActiveCfg = Release|Any CPU
		{B71F3F37-36CD-45F4-B88B-DBA5CD519DA2}.Ad-Hoc|iPhoneSimulator.Build.0 = Release|Any CPU
		{B71F3F37-36CD-45F4-B88B-DBA5CD519DA2}.Ad-Hoc|x64.ActiveCfg = Release|Any CPU
		{B71F3F37-36CD-45F4-B88B-DBA5CD519DA2}.Ad-Hoc|x64.Build.0 = Release|Any CPU
		{B71F3F37-36CD-45F4-B88B-DBA5CD519DA2}.Ad-Hoc|x86.ActiveCfg = Release|Any CPU
		{B71F3F37-36CD-45F4-B88B-DBA5CD519DA2}.Ad-Hoc|x86.Build.0 = Release|Any CPU
		{B71F3F37-36CD-45F4-B88B-DBA5CD519DA2}.AppStore|Any CPU.ActiveCfg = Release|Any CPU
		{B71F3F37-36CD-45F4-B88B-DBA5CD519DA2}.AppStore|Any CPU.Build.0 = Release|Any CPU
		{B71F3F37-36CD-45F4-B88B-DBA5CD519DA2}.AppStore|ARM.ActiveCfg = Release|Any CPU
		{B71F3F37-36CD-45F4-B88B-DBA5CD519DA2}.AppStore|ARM.Build.0 = Release|Any CPU
		{B71F3F37-36CD-45F4-B88B-DBA5CD519DA2}.AppStore|iPhone.ActiveCfg = Release|Any CPU
		{B71F3F37-36CD-45F4-B88B-DBA5CD519DA2}.AppStore|iPhone.Build.0 = Release|Any CPU
		{B71F3F37-36CD-45F4-B88B-DBA5CD519DA2}.AppStore|iPhoneSimulator.ActiveCfg = Release|Any CPU
		{B71F3F37-36CD-45F4-B88B-DBA5CD519DA2}.AppStore|iPhoneSimulator.Build.0 = Release|Any CPU
		{B71F3F37-36CD-45F4-B88B-DBA5CD519DA2}.AppStore|x64.ActiveCfg = Release|Any CPU
		{B71F3F37-36CD-45F4-B88B-DBA5CD519DA2}.AppStore|x64.Build.0 = Release|Any CPU
		{B71F3F37-36CD-45F4-B88B-DBA5CD519DA2}.AppStore|x86.ActiveCfg = Release|Any CPU
		{B71F3F37-36CD-45F4-B88B-DBA5CD519DA2}.AppStore|x86.Build.0 = Release|Any CPU
		{B71F3F37-36CD-45F4-B88B-DBA5CD519DA2}.Debug|Any CPU.ActiveCfg = Debug|Any CPU
		{B71F3F37-36CD-45F4-B88B-DBA5CD519DA2}.Debug|Any CPU.Build.0 = Debug|Any CPU
		{B71F3F37-36CD-45F4-B88B-DBA5CD519DA2}.Debug|ARM.ActiveCfg = Debug|Any CPU
		{B71F3F37-36CD-45F4-B88B-DBA5CD519DA2}.Debug|ARM.Build.0 = Debug|Any CPU
		{B71F3F37-36CD-45F4-B88B-DBA5CD519DA2}.Debug|iPhone.ActiveCfg = Debug|Any CPU
		{B71F3F37-36CD-45F4-B88B-DBA5CD519DA2}.Debug|iPhone.Build.0 = Debug|Any CPU
		{B71F3F37-36CD-45F4-B88B-DBA5CD519DA2}.Debug|iPhoneSimulator.ActiveCfg = Debug|Any CPU
		{B71F3F37-36CD-45F4-B88B-DBA5CD519DA2}.Debug|iPhoneSimulator.Build.0 = Debug|Any CPU
		{B71F3F37-36CD-45F4-B88B-DBA5CD519DA2}.Debug|x64.ActiveCfg = Debug|Any CPU
		{B71F3F37-36CD-45F4-B88B-DBA5CD519DA2}.Debug|x64.Build.0 = Debug|Any CPU
		{B71F3F37-36CD-45F4-B88B-DBA5CD519DA2}.Debug|x86.ActiveCfg = Debug|Any CPU
		{B71F3F37-36CD-45F4-B88B-DBA5CD519DA2}.Debug|x86.Build.0 = Debug|Any CPU
		{B71F3F37-36CD-45F4-B88B-DBA5CD519DA2}.Release|Any CPU.ActiveCfg = Release|Any CPU
		{B71F3F37-36CD-45F4-B88B-DBA5CD519DA2}.Release|Any CPU.Build.0 = Release|Any CPU
		{B71F3F37-36CD-45F4-B88B-DBA5CD519DA2}.Release|ARM.ActiveCfg = Release|Any CPU
		{B71F3F37-36CD-45F4-B88B-DBA5CD519DA2}.Release|ARM.Build.0 = Release|Any CPU
		{B71F3F37-36CD-45F4-B88B-DBA5CD519DA2}.Release|iPhone.ActiveCfg = Release|Any CPU
		{B71F3F37-36CD-45F4-B88B-DBA5CD519DA2}.Release|iPhone.Build.0 = Release|Any CPU
		{B71F3F37-36CD-45F4-B88B-DBA5CD519DA2}.Release|iPhoneSimulator.ActiveCfg = Release|Any CPU
		{B71F3F37-36CD-45F4-B88B-DBA5CD519DA2}.Release|iPhoneSimulator.Build.0 = Release|Any CPU
		{B71F3F37-36CD-45F4-B88B-DBA5CD519DA2}.Release|x64.ActiveCfg = Release|Any CPU
		{B71F3F37-36CD-45F4-B88B-DBA5CD519DA2}.Release|x64.Build.0 = Release|Any CPU
		{B71F3F37-36CD-45F4-B88B-DBA5CD519DA2}.Release|x86.ActiveCfg = Release|Any CPU
		{B71F3F37-36CD-45F4-B88B-DBA5CD519DA2}.Release|x86.Build.0 = Release|Any CPU
		{D4B75A9E-F487-4130-867C-7493130F649B}.Ad-Hoc|Any CPU.ActiveCfg = Release|Any CPU
		{D4B75A9E-F487-4130-867C-7493130F649B}.Ad-Hoc|Any CPU.Build.0 = Release|Any CPU
		{D4B75A9E-F487-4130-867C-7493130F649B}.Ad-Hoc|ARM.ActiveCfg = Release|Any CPU
		{D4B75A9E-F487-4130-867C-7493130F649B}.Ad-Hoc|ARM.Build.0 = Release|Any CPU
		{D4B75A9E-F487-4130-867C-7493130F649B}.Ad-Hoc|iPhone.ActiveCfg = Release|Any CPU
		{D4B75A9E-F487-4130-867C-7493130F649B}.Ad-Hoc|iPhone.Build.0 = Release|Any CPU
		{D4B75A9E-F487-4130-867C-7493130F649B}.Ad-Hoc|iPhoneSimulator.ActiveCfg = Release|Any CPU
		{D4B75A9E-F487-4130-867C-7493130F649B}.Ad-Hoc|iPhoneSimulator.Build.0 = Release|Any CPU
		{D4B75A9E-F487-4130-867C-7493130F649B}.Ad-Hoc|x64.ActiveCfg = Release|Any CPU
		{D4B75A9E-F487-4130-867C-7493130F649B}.Ad-Hoc|x64.Build.0 = Release|Any CPU
		{D4B75A9E-F487-4130-867C-7493130F649B}.Ad-Hoc|x86.ActiveCfg = Release|Any CPU
		{D4B75A9E-F487-4130-867C-7493130F649B}.Ad-Hoc|x86.Build.0 = Release|Any CPU
		{D4B75A9E-F487-4130-867C-7493130F649B}.AppStore|Any CPU.ActiveCfg = Release|Any CPU
		{D4B75A9E-F487-4130-867C-7493130F649B}.AppStore|Any CPU.Build.0 = Release|Any CPU
		{D4B75A9E-F487-4130-867C-7493130F649B}.AppStore|ARM.ActiveCfg = Release|Any CPU
		{D4B75A9E-F487-4130-867C-7493130F649B}.AppStore|ARM.Build.0 = Release|Any CPU
		{D4B75A9E-F487-4130-867C-7493130F649B}.AppStore|iPhone.ActiveCfg = Release|Any CPU
		{D4B75A9E-F487-4130-867C-7493130F649B}.AppStore|iPhone.Build.0 = Release|Any CPU
		{D4B75A9E-F487-4130-867C-7493130F649B}.AppStore|iPhoneSimulator.ActiveCfg = Release|Any CPU
		{D4B75A9E-F487-4130-867C-7493130F649B}.AppStore|iPhoneSimulator.Build.0 = Release|Any CPU
		{D4B75A9E-F487-4130-867C-7493130F649B}.AppStore|x64.ActiveCfg = Release|Any CPU
		{D4B75A9E-F487-4130-867C-7493130F649B}.AppStore|x64.Build.0 = Release|Any CPU
		{D4B75A9E-F487-4130-867C-7493130F649B}.AppStore|x86.ActiveCfg = Release|Any CPU
		{D4B75A9E-F487-4130-867C-7493130F649B}.AppStore|x86.Build.0 = Release|Any CPU
		{D4B75A9E-F487-4130-867C-7493130F649B}.Debug|Any CPU.ActiveCfg = Debug|Any CPU
		{D4B75A9E-F487-4130-867C-7493130F649B}.Debug|Any CPU.Build.0 = Debug|Any CPU
		{D4B75A9E-F487-4130-867C-7493130F649B}.Debug|ARM.ActiveCfg = Debug|Any CPU
		{D4B75A9E-F487-4130-867C-7493130F649B}.Debug|ARM.Build.0 = Debug|Any CPU
		{D4B75A9E-F487-4130-867C-7493130F649B}.Debug|iPhone.ActiveCfg = Debug|Any CPU
		{D4B75A9E-F487-4130-867C-7493130F649B}.Debug|iPhone.Build.0 = Debug|Any CPU
		{D4B75A9E-F487-4130-867C-7493130F649B}.Debug|iPhoneSimulator.ActiveCfg = Debug|Any CPU
		{D4B75A9E-F487-4130-867C-7493130F649B}.Debug|iPhoneSimulator.Build.0 = Debug|Any CPU
		{D4B75A9E-F487-4130-867C-7493130F649B}.Debug|x64.ActiveCfg = Debug|Any CPU
		{D4B75A9E-F487-4130-867C-7493130F649B}.Debug|x64.Build.0 = Debug|Any CPU
		{D4B75A9E-F487-4130-867C-7493130F649B}.Debug|x86.ActiveCfg = Debug|Any CPU
		{D4B75A9E-F487-4130-867C-7493130F649B}.Debug|x86.Build.0 = Debug|Any CPU
		{D4B75A9E-F487-4130-867C-7493130F649B}.Release|Any CPU.ActiveCfg = Release|Any CPU
		{D4B75A9E-F487-4130-867C-7493130F649B}.Release|Any CPU.Build.0 = Release|Any CPU
		{D4B75A9E-F487-4130-867C-7493130F649B}.Release|ARM.ActiveCfg = Release|Any CPU
		{D4B75A9E-F487-4130-867C-7493130F649B}.Release|ARM.Build.0 = Release|Any CPU
		{D4B75A9E-F487-4130-867C-7493130F649B}.Release|iPhone.ActiveCfg = Release|Any CPU
		{D4B75A9E-F487-4130-867C-7493130F649B}.Release|iPhone.Build.0 = Release|Any CPU
		{D4B75A9E-F487-4130-867C-7493130F649B}.Release|iPhoneSimulator.ActiveCfg = Release|Any CPU
		{D4B75A9E-F487-4130-867C-7493130F649B}.Release|iPhoneSimulator.Build.0 = Release|Any CPU
		{D4B75A9E-F487-4130-867C-7493130F649B}.Release|x64.ActiveCfg = Release|Any CPU
		{D4B75A9E-F487-4130-867C-7493130F649B}.Release|x64.Build.0 = Release|Any CPU
		{D4B75A9E-F487-4130-867C-7493130F649B}.Release|x86.ActiveCfg = Release|Any CPU
		{D4B75A9E-F487-4130-867C-7493130F649B}.Release|x86.Build.0 = Release|Any CPU
		{399E2711-902A-41FE-8883-6DAFFCE50E01}.Ad-Hoc|Any CPU.ActiveCfg = Release|Any CPU
		{399E2711-902A-41FE-8883-6DAFFCE50E01}.Ad-Hoc|Any CPU.Build.0 = Release|Any CPU
		{399E2711-902A-41FE-8883-6DAFFCE50E01}.Ad-Hoc|ARM.ActiveCfg = Release|Any CPU
		{399E2711-902A-41FE-8883-6DAFFCE50E01}.Ad-Hoc|ARM.Build.0 = Release|Any CPU
		{399E2711-902A-41FE-8883-6DAFFCE50E01}.Ad-Hoc|iPhone.ActiveCfg = Release|Any CPU
		{399E2711-902A-41FE-8883-6DAFFCE50E01}.Ad-Hoc|iPhone.Build.0 = Release|Any CPU
		{399E2711-902A-41FE-8883-6DAFFCE50E01}.Ad-Hoc|iPhoneSimulator.ActiveCfg = Release|Any CPU
		{399E2711-902A-41FE-8883-6DAFFCE50E01}.Ad-Hoc|iPhoneSimulator.Build.0 = Release|Any CPU
		{399E2711-902A-41FE-8883-6DAFFCE50E01}.Ad-Hoc|x64.ActiveCfg = Release|Any CPU
		{399E2711-902A-41FE-8883-6DAFFCE50E01}.Ad-Hoc|x64.Build.0 = Release|Any CPU
		{399E2711-902A-41FE-8883-6DAFFCE50E01}.Ad-Hoc|x86.ActiveCfg = Release|Any CPU
		{399E2711-902A-41FE-8883-6DAFFCE50E01}.Ad-Hoc|x86.Build.0 = Release|Any CPU
		{399E2711-902A-41FE-8883-6DAFFCE50E01}.AppStore|Any CPU.ActiveCfg = Release|Any CPU
		{399E2711-902A-41FE-8883-6DAFFCE50E01}.AppStore|Any CPU.Build.0 = Release|Any CPU
		{399E2711-902A-41FE-8883-6DAFFCE50E01}.AppStore|ARM.ActiveCfg = Release|Any CPU
		{399E2711-902A-41FE-8883-6DAFFCE50E01}.AppStore|ARM.Build.0 = Release|Any CPU
		{399E2711-902A-41FE-8883-6DAFFCE50E01}.AppStore|iPhone.ActiveCfg = Release|Any CPU
		{399E2711-902A-41FE-8883-6DAFFCE50E01}.AppStore|iPhone.Build.0 = Release|Any CPU
		{399E2711-902A-41FE-8883-6DAFFCE50E01}.AppStore|iPhoneSimulator.ActiveCfg = Release|Any CPU
		{399E2711-902A-41FE-8883-6DAFFCE50E01}.AppStore|iPhoneSimulator.Build.0 = Release|Any CPU
		{399E2711-902A-41FE-8883-6DAFFCE50E01}.AppStore|x64.ActiveCfg = Release|Any CPU
		{399E2711-902A-41FE-8883-6DAFFCE50E01}.AppStore|x64.Build.0 = Release|Any CPU
		{399E2711-902A-41FE-8883-6DAFFCE50E01}.AppStore|x86.ActiveCfg = Release|Any CPU
		{399E2711-902A-41FE-8883-6DAFFCE50E01}.AppStore|x86.Build.0 = Release|Any CPU
		{399E2711-902A-41FE-8883-6DAFFCE50E01}.Debug|Any CPU.ActiveCfg = Debug|Any CPU
		{399E2711-902A-41FE-8883-6DAFFCE50E01}.Debug|Any CPU.Build.0 = Debug|Any CPU
		{399E2711-902A-41FE-8883-6DAFFCE50E01}.Debug|ARM.ActiveCfg = Debug|Any CPU
		{399E2711-902A-41FE-8883-6DAFFCE50E01}.Debug|ARM.Build.0 = Debug|Any CPU
		{399E2711-902A-41FE-8883-6DAFFCE50E01}.Debug|iPhone.ActiveCfg = Debug|Any CPU
		{399E2711-902A-41FE-8883-6DAFFCE50E01}.Debug|iPhone.Build.0 = Debug|Any CPU
		{399E2711-902A-41FE-8883-6DAFFCE50E01}.Debug|iPhoneSimulator.ActiveCfg = Debug|Any CPU
		{399E2711-902A-41FE-8883-6DAFFCE50E01}.Debug|iPhoneSimulator.Build.0 = Debug|Any CPU
		{399E2711-902A-41FE-8883-6DAFFCE50E01}.Debug|x64.ActiveCfg = Debug|Any CPU
		{399E2711-902A-41FE-8883-6DAFFCE50E01}.Debug|x64.Build.0 = Debug|Any CPU
		{399E2711-902A-41FE-8883-6DAFFCE50E01}.Debug|x86.ActiveCfg = Debug|Any CPU
		{399E2711-902A-41FE-8883-6DAFFCE50E01}.Debug|x86.Build.0 = Debug|Any CPU
		{399E2711-902A-41FE-8883-6DAFFCE50E01}.Release|Any CPU.ActiveCfg = Release|Any CPU
		{399E2711-902A-41FE-8883-6DAFFCE50E01}.Release|Any CPU.Build.0 = Release|Any CPU
		{399E2711-902A-41FE-8883-6DAFFCE50E01}.Release|ARM.ActiveCfg = Release|Any CPU
		{399E2711-902A-41FE-8883-6DAFFCE50E01}.Release|ARM.Build.0 = Release|Any CPU
		{399E2711-902A-41FE-8883-6DAFFCE50E01}.Release|iPhone.ActiveCfg = Release|Any CPU
		{399E2711-902A-41FE-8883-6DAFFCE50E01}.Release|iPhone.Build.0 = Release|Any CPU
		{399E2711-902A-41FE-8883-6DAFFCE50E01}.Release|iPhoneSimulator.ActiveCfg = Release|Any CPU
		{399E2711-902A-41FE-8883-6DAFFCE50E01}.Release|iPhoneSimulator.Build.0 = Release|Any CPU
		{399E2711-902A-41FE-8883-6DAFFCE50E01}.Release|x64.ActiveCfg = Release|Any CPU
		{399E2711-902A-41FE-8883-6DAFFCE50E01}.Release|x64.Build.0 = Release|Any CPU
		{399E2711-902A-41FE-8883-6DAFFCE50E01}.Release|x86.ActiveCfg = Release|Any CPU
		{399E2711-902A-41FE-8883-6DAFFCE50E01}.Release|x86.Build.0 = Release|Any CPU
		{C8D56848-E5D5-48DE-950B-331BE5424BFC}.Ad-Hoc|Any CPU.ActiveCfg = Release|Any CPU
		{C8D56848-E5D5-48DE-950B-331BE5424BFC}.Ad-Hoc|Any CPU.Build.0 = Release|Any CPU
		{C8D56848-E5D5-48DE-950B-331BE5424BFC}.Ad-Hoc|ARM.ActiveCfg = Release|Any CPU
		{C8D56848-E5D5-48DE-950B-331BE5424BFC}.Ad-Hoc|ARM.Build.0 = Release|Any CPU
		{C8D56848-E5D5-48DE-950B-331BE5424BFC}.Ad-Hoc|iPhone.ActiveCfg = Release|Any CPU
		{C8D56848-E5D5-48DE-950B-331BE5424BFC}.Ad-Hoc|iPhone.Build.0 = Release|Any CPU
		{C8D56848-E5D5-48DE-950B-331BE5424BFC}.Ad-Hoc|iPhoneSimulator.ActiveCfg = Release|Any CPU
		{C8D56848-E5D5-48DE-950B-331BE5424BFC}.Ad-Hoc|iPhoneSimulator.Build.0 = Release|Any CPU
		{C8D56848-E5D5-48DE-950B-331BE5424BFC}.Ad-Hoc|x64.ActiveCfg = Release|Any CPU
		{C8D56848-E5D5-48DE-950B-331BE5424BFC}.Ad-Hoc|x64.Build.0 = Release|Any CPU
		{C8D56848-E5D5-48DE-950B-331BE5424BFC}.Ad-Hoc|x86.ActiveCfg = Release|Any CPU
		{C8D56848-E5D5-48DE-950B-331BE5424BFC}.Ad-Hoc|x86.Build.0 = Release|Any CPU
		{C8D56848-E5D5-48DE-950B-331BE5424BFC}.AppStore|Any CPU.ActiveCfg = Release|Any CPU
		{C8D56848-E5D5-48DE-950B-331BE5424BFC}.AppStore|Any CPU.Build.0 = Release|Any CPU
		{C8D56848-E5D5-48DE-950B-331BE5424BFC}.AppStore|ARM.ActiveCfg = Release|Any CPU
		{C8D56848-E5D5-48DE-950B-331BE5424BFC}.AppStore|ARM.Build.0 = Release|Any CPU
		{C8D56848-E5D5-48DE-950B-331BE5424BFC}.AppStore|iPhone.ActiveCfg = Release|Any CPU
		{C8D56848-E5D5-48DE-950B-331BE5424BFC}.AppStore|iPhone.Build.0 = Release|Any CPU
		{C8D56848-E5D5-48DE-950B-331BE5424BFC}.AppStore|iPhoneSimulator.ActiveCfg = Release|Any CPU
		{C8D56848-E5D5-48DE-950B-331BE5424BFC}.AppStore|iPhoneSimulator.Build.0 = Release|Any CPU
		{C8D56848-E5D5-48DE-950B-331BE5424BFC}.AppStore|x64.ActiveCfg = Release|Any CPU
		{C8D56848-E5D5-48DE-950B-331BE5424BFC}.AppStore|x64.Build.0 = Release|Any CPU
		{C8D56848-E5D5-48DE-950B-331BE5424BFC}.AppStore|x86.ActiveCfg = Release|Any CPU
		{C8D56848-E5D5-48DE-950B-331BE5424BFC}.AppStore|x86.Build.0 = Release|Any CPU
		{C8D56848-E5D5-48DE-950B-331BE5424BFC}.Debug|Any CPU.ActiveCfg = Debug|Any CPU
		{C8D56848-E5D5-48DE-950B-331BE5424BFC}.Debug|Any CPU.Build.0 = Debug|Any CPU
		{C8D56848-E5D5-48DE-950B-331BE5424BFC}.Debug|ARM.ActiveCfg = Debug|Any CPU
		{C8D56848-E5D5-48DE-950B-331BE5424BFC}.Debug|ARM.Build.0 = Debug|Any CPU
		{C8D56848-E5D5-48DE-950B-331BE5424BFC}.Debug|iPhone.ActiveCfg = Debug|Any CPU
		{C8D56848-E5D5-48DE-950B-331BE5424BFC}.Debug|iPhone.Build.0 = Debug|Any CPU
		{C8D56848-E5D5-48DE-950B-331BE5424BFC}.Debug|iPhoneSimulator.ActiveCfg = Debug|Any CPU
		{C8D56848-E5D5-48DE-950B-331BE5424BFC}.Debug|iPhoneSimulator.Build.0 = Debug|Any CPU
		{C8D56848-E5D5-48DE-950B-331BE5424BFC}.Debug|x64.ActiveCfg = Debug|Any CPU
		{C8D56848-E5D5-48DE-950B-331BE5424BFC}.Debug|x64.Build.0 = Debug|Any CPU
		{C8D56848-E5D5-48DE-950B-331BE5424BFC}.Debug|x86.ActiveCfg = Debug|Any CPU
		{C8D56848-E5D5-48DE-950B-331BE5424BFC}.Debug|x86.Build.0 = Debug|Any CPU
		{C8D56848-E5D5-48DE-950B-331BE5424BFC}.Release|Any CPU.ActiveCfg = Release|Any CPU
		{C8D56848-E5D5-48DE-950B-331BE5424BFC}.Release|Any CPU.Build.0 = Release|Any CPU
		{C8D56848-E5D5-48DE-950B-331BE5424BFC}.Release|ARM.ActiveCfg = Release|Any CPU
		{C8D56848-E5D5-48DE-950B-331BE5424BFC}.Release|ARM.Build.0 = Release|Any CPU
		{C8D56848-E5D5-48DE-950B-331BE5424BFC}.Release|iPhone.ActiveCfg = Release|Any CPU
		{C8D56848-E5D5-48DE-950B-331BE5424BFC}.Release|iPhone.Build.0 = Release|Any CPU
		{C8D56848-E5D5-48DE-950B-331BE5424BFC}.Release|iPhoneSimulator.ActiveCfg = Release|Any CPU
		{C8D56848-E5D5-48DE-950B-331BE5424BFC}.Release|iPhoneSimulator.Build.0 = Release|Any CPU
		{C8D56848-E5D5-48DE-950B-331BE5424BFC}.Release|x64.ActiveCfg = Release|Any CPU
		{C8D56848-E5D5-48DE-950B-331BE5424BFC}.Release|x64.Build.0 = Release|Any CPU
		{C8D56848-E5D5-48DE-950B-331BE5424BFC}.Release|x86.ActiveCfg = Release|Any CPU
		{C8D56848-E5D5-48DE-950B-331BE5424BFC}.Release|x86.Build.0 = Release|Any CPU
	EndGlobalSection
	GlobalSection(SolutionProperties) = preSolution
		HideSolutionNode = FALSE
	EndGlobalSection
	GlobalSection(ExtensibilityGlobals) = postSolution
		SolutionGuid = {0C0D1148-E907-4B3B-A954-44550213C97C}
	EndGlobalSection
EndGlobal
